// !$*UTF8*$!
{
	archiveVersion = 1;
	classes = {
	};
	objectVersion = 50;
	objects = {

/* Begin PBXBuildFile section */
		9464B45523235A1E002BEBC9 /* AppDelegate.swift in Sources */ = {isa = PBXBuildFile; fileRef = 9464B45423235A1E002BEBC9 /* AppDelegate.swift */; };
		9464B45723235A1E002BEBC9 /* ViewController.swift in Sources */ = {isa = PBXBuildFile; fileRef = 9464B45623235A1E002BEBC9 /* ViewController.swift */; };
		9464B45A23235A1E002BEBC9 /* Main.storyboard in Resources */ = {isa = PBXBuildFile; fileRef = 9464B45823235A1E002BEBC9 /* Main.storyboard */; };
		9464B45C23235A20002BEBC9 /* Assets.xcassets in Resources */ = {isa = PBXBuildFile; fileRef = 9464B45B23235A20002BEBC9 /* Assets.xcassets */; };
		9464B45F23235A20002BEBC9 /* LaunchScreen.storyboard in Resources */ = {isa = PBXBuildFile; fileRef = 9464B45D23235A20002BEBC9 /* LaunchScreen.storyboard */; };
		9464B46923235ACF002BEBC9 /* Release.plist in Resources */ = {isa = PBXBuildFile; fileRef = 9464B46823235ACF002BEBC9 /* Release.plist */; };
		9464B46B23235ADB002BEBC9 /* Staging.plist in Resources */ = {isa = PBXBuildFile; fileRef = 9464B46A23235ADB002BEBC9 /* Staging.plist */; };
		9464B47023235C4E002BEBC9 /* Enviroment.swift in Sources */ = {isa = PBXBuildFile; fileRef = 9464B46F23235C4E002BEBC9 /* Enviroment.swift */; };
		9464B47223235CA9002BEBC9 /* ApiConstant.swift in Sources */ = {isa = PBXBuildFile; fileRef = 9464B47123235CA9002BEBC9 /* ApiConstant.swift */; };
/* End PBXBuildFile section */

/* Begin PBXFileReference section */
		9464B45123235A1E002BEBC9 /* MultiEnviromentHandling.app */ = {isa = PBXFileReference; explicitFileType = wrapper.application; includeInIndex = 0; path = MultiEnviromentHandling.app; sourceTree = BUILT_PRODUCTS_DIR; };
		9464B45423235A1E002BEBC9 /* AppDelegate.swift */ = {isa = PBXFileReference; lastKnownFileType = sourcecode.swift; path = AppDelegate.swift; sourceTree = "<group>"; };
		9464B45623235A1E002BEBC9 /* ViewController.swift */ = {isa = PBXFileReference; lastKnownFileType = sourcecode.swift; path = ViewController.swift; sourceTree = "<group>"; };
		9464B45923235A1E002BEBC9 /* Base */ = {isa = PBXFileReference; lastKnownFileType = file.storyboard; name = Base; path = Base.lproj/Main.storyboard; sourceTree = "<group>"; };
		9464B45B23235A20002BEBC9 /* Assets.xcassets */ = {isa = PBXFileReference; lastKnownFileType = folder.assetcatalog; path = Assets.xcassets; sourceTree = "<group>"; };
		9464B45E23235A20002BEBC9 /* Base */ = {isa = PBXFileReference; lastKnownFileType = file.storyboard; name = Base; path = Base.lproj/LaunchScreen.storyboard; sourceTree = "<group>"; };
		9464B46023235A20002BEBC9 /* Development.plist */ = {isa = PBXFileReference; lastKnownFileType = text.plist.xml; path = Development.plist; sourceTree = "<group>"; };
		9464B46823235ACF002BEBC9 /* Release.plist */ = {isa = PBXFileReference; lastKnownFileType = text.plist.xml; path = Release.plist; sourceTree = "<group>"; };
		9464B46A23235ADB002BEBC9 /* Staging.plist */ = {isa = PBXFileReference; lastKnownFileType = text.plist.xml; path = Staging.plist; sourceTree = "<group>"; };
		9464B46C23235B12002BEBC9 /* Development.xcconfig */ = {isa = PBXFileReference; lastKnownFileType = text.xcconfig; path = Development.xcconfig; sourceTree = "<group>"; };
		9464B46D23235B1E002BEBC9 /* Release.xcconfig */ = {isa = PBXFileReference; lastKnownFileType = text.xcconfig; path = Release.xcconfig; sourceTree = "<group>"; };
		9464B46E23235B2A002BEBC9 /* Staging.xcconfig */ = {isa = PBXFileReference; lastKnownFileType = text.xcconfig; path = Staging.xcconfig; sourceTree = "<group>"; };
		9464B46F23235C4E002BEBC9 /* Enviroment.swift */ = {isa = PBXFileReference; lastKnownFileType = sourcecode.swift; path = Enviroment.swift; sourceTree = "<group>"; };
		9464B47123235CA9002BEBC9 /* ApiConstant.swift */ = {isa = PBXFileReference; lastKnownFileType = sourcecode.swift; path = ApiConstant.swift; sourceTree = "<group>"; };
/* End PBXFileReference section */

/* Begin PBXFrameworksBuildPhase section */
		9464B44E23235A1E002BEBC9 /* Frameworks */ = {
			isa = PBXFrameworksBuildPhase;
			buildActionMask = 2147483647;
			files = (
			);
			runOnlyForDeploymentPostprocessing = 0;
		};
/* End PBXFrameworksBuildPhase section */

/* Begin PBXGroup section */
		9464B44823235A1E002BEBC9 = {
			isa = PBXGroup;
			children = (
				9464B45323235A1E002BEBC9 /* MultiEnviromentHandling */,
				9464B45223235A1E002BEBC9 /* Products */,
			);
			sourceTree = "<group>";
		};
		9464B45223235A1E002BEBC9 /* Products */ = {
			isa = PBXGroup;
			children = (
				9464B45123235A1E002BEBC9 /* MultiEnviromentHandling.app */,
			);
			name = Products;
			sourceTree = "<group>";
		};
		9464B45323235A1E002BEBC9 /* MultiEnviromentHandling */ = {
			isa = PBXGroup;
			children = (
				9464B45423235A1E002BEBC9 /* AppDelegate.swift */,
				9464B45623235A1E002BEBC9 /* ViewController.swift */,
				9464B45823235A1E002BEBC9 /* Main.storyboard */,
				9464B45B23235A20002BEBC9 /* Assets.xcassets */,
				9464B45D23235A20002BEBC9 /* LaunchScreen.storyboard */,
				9464B46023235A20002BEBC9 /* Development.plist */,
				9464B46823235ACF002BEBC9 /* Release.plist */,
				9464B46A23235ADB002BEBC9 /* Staging.plist */,
				9464B46C23235B12002BEBC9 /* Development.xcconfig */,
				9464B46D23235B1E002BEBC9 /* Release.xcconfig */,
				9464B46E23235B2A002BEBC9 /* Staging.xcconfig */,
				9464B46F23235C4E002BEBC9 /* Enviroment.swift */,
				9464B47123235CA9002BEBC9 /* ApiConstant.swift */,
			);
			path = MultiEnviromentHandling;
			sourceTree = "<group>";
		};
/* End PBXGroup section */

/* Begin PBXNativeTarget section */
		9464B45023235A1E002BEBC9 /* MultiEnviromentHandling */ = {
			isa = PBXNativeTarget;
			buildConfigurationList = 9464B46323235A20002BEBC9 /* Build configuration list for PBXNativeTarget "MultiEnviromentHandling" */;
			buildPhases = (
				9464B44D23235A1E002BEBC9 /* Sources */,
				9464B44E23235A1E002BEBC9 /* Frameworks */,
				9464B44F23235A1E002BEBC9 /* Resources */,
			);
			buildRules = (
			);
			dependencies = (
			);
			name = MultiEnviromentHandling;
			productName = MultiEnviromentHandling;
			productReference = 9464B45123235A1E002BEBC9 /* MultiEnviromentHandling.app */;
			productType = "com.apple.product-type.application";
		};
/* End PBXNativeTarget section */

/* Begin PBXProject section */
		9464B44923235A1E002BEBC9 /* Project object */ = {
			isa = PBXProject;
			attributes = {
				LastSwiftUpdateCheck = 1020;
				LastUpgradeCheck = 1020;
				ORGANIZATIONNAME = "Nitin Bhatia";
				TargetAttributes = {
					9464B45023235A1E002BEBC9 = {
						CreatedOnToolsVersion = 10.2;
					};
				};
			};
			buildConfigurationList = 9464B44C23235A1E002BEBC9 /* Build configuration list for PBXProject "MultiEnviromentHandling" */;
			compatibilityVersion = "Xcode 9.3";
			developmentRegion = en;
			hasScannedForEncodings = 0;
			knownRegions = (
				en,
				Base,
			);
			mainGroup = 9464B44823235A1E002BEBC9;
			productRefGroup = 9464B45223235A1E002BEBC9 /* Products */;
			projectDirPath = "";
			projectRoot = "";
			targets = (
				9464B45023235A1E002BEBC9 /* MultiEnviromentHandling */,
			);
		};
/* End PBXProject section */

/* Begin PBXResourcesBuildPhase section */
		9464B44F23235A1E002BEBC9 /* Resources */ = {
			isa = PBXResourcesBuildPhase;
			buildActionMask = 2147483647;
			files = (
				9464B46923235ACF002BEBC9 /* Release.plist in Resources */,
				9464B45F23235A20002BEBC9 /* LaunchScreen.storyboard in Resources */,
				9464B45C23235A20002BEBC9 /* Assets.xcassets in Resources */,
				9464B46B23235ADB002BEBC9 /* Staging.plist in Resources */,
				9464B45A23235A1E002BEBC9 /* Main.storyboard in Resources */,
			);
			runOnlyForDeploymentPostprocessing = 0;
		};
/* End PBXResourcesBuildPhase section */

/* Begin PBXSourcesBuildPhase section */
		9464B44D23235A1E002BEBC9 /* Sources */ = {
			isa = PBXSourcesBuildPhase;
			buildActionMask = 2147483647;
			files = (
				9464B47223235CA9002BEBC9 /* ApiConstant.swift in Sources */,
				9464B45723235A1E002BEBC9 /* ViewController.swift in Sources */,
				9464B45523235A1E002BEBC9 /* AppDelegate.swift in Sources */,
				9464B47023235C4E002BEBC9 /* Enviroment.swift in Sources */,
			);
			runOnlyForDeploymentPostprocessing = 0;
		};
/* End PBXSourcesBuildPhase section */

/* Begin PBXVariantGroup section */
		9464B45823235A1E002BEBC9 /* Main.storyboard */ = {
			isa = PBXVariantGroup;
			children = (
				9464B45923235A1E002BEBC9 /* Base */,
			);
			name = Main.storyboard;
			sourceTree = "<group>";
		};
		9464B45D23235A20002BEBC9 /* LaunchScreen.storyboard */ = {
			isa = PBXVariantGroup;
			children = (
				9464B45E23235A20002BEBC9 /* Base */,
			);
			name = LaunchScreen.storyboard;
			sourceTree = "<group>";
		};
/* End PBXVariantGroup section */

/* Begin XCBuildConfiguration section */
		9464B46123235A20002BEBC9 /* Debug */ = {
			isa = XCBuildConfiguration;
			baseConfigurationReference = 9464B46C23235B12002BEBC9 /* Development.xcconfig */;
			buildSettings = {
				ALWAYS_SEARCH_USER_PATHS = NO;
				CLANG_ANALYZER_NONNULL = YES;
				CLANG_ANALYZER_NUMBER_OBJECT_CONVERSION = YES_AGGRESSIVE;
				CLANG_CXX_LANGUAGE_STANDARD = "gnu++14";
				CLANG_CXX_LIBRARY = "libc++";
				CLANG_ENABLE_MODULES = YES;
				CLANG_ENABLE_OBJC_ARC = YES;
				CLANG_ENABLE_OBJC_WEAK = YES;
				CLANG_WARN_BLOCK_CAPTURE_AUTORELEASING = YES;
				CLANG_WARN_BOOL_CONVERSION = YES;
				CLANG_WARN_COMMA = YES;
				CLANG_WARN_CONSTANT_CONVERSION = YES;
				CLANG_WARN_DEPRECATED_OBJC_IMPLEMENTATIONS = YES;
				CLANG_WARN_DIRECT_OBJC_ISA_USAGE = YES_ERROR;
				CLANG_WARN_DOCUMENTATION_COMMENTS = YES;
				CLANG_WARN_EMPTY_BODY = YES;
				CLANG_WARN_ENUM_CONVERSION = YES;
				CLANG_WARN_INFINITE_RECURSION = YES;
				CLANG_WARN_INT_CONVERSION = YES;
				CLANG_WARN_NON_LITERAL_NULL_CONVERSION = YES;
				CLANG_WARN_OBJC_IMPLICIT_RETAIN_SELF = YES;
				CLANG_WARN_OBJC_LITERAL_CONVERSION = YES;
				CLANG_WARN_OBJC_ROOT_CLASS = YES_ERROR;
				CLANG_WARN_RANGE_LOOP_ANALYSIS = YES;
				CLANG_WARN_STRICT_PROTOTYPES = YES;
				CLANG_WARN_SUSPICIOUS_MOVE = YES;
				CLANG_WARN_UNGUARDED_AVAILABILITY = YES_AGGRESSIVE;
				CLANG_WARN_UNREACHABLE_CODE = YES;
				CLANG_WARN__DUPLICATE_METHOD_MATCH = YES;
				CODE_SIGN_IDENTITY = "iPhone Developer";
				COPY_PHASE_STRIP = NO;
				DEBUG_INFORMATION_FORMAT = dwarf;
				ENABLE_STRICT_OBJC_MSGSEND = YES;
				ENABLE_TESTABILITY = YES;
				GCC_C_LANGUAGE_STANDARD = gnu11;
				GCC_DYNAMIC_NO_PIC = NO;
				GCC_NO_COMMON_BLOCKS = YES;
				GCC_OPTIMIZATION_LEVEL = 0;
				GCC_PREPROCESSOR_DEFINITIONS = (
					"DEBUG=1",
					"$(inherited)",
				);
				GCC_WARN_64_TO_32_BIT_CONVERSION = YES;
				GCC_WARN_ABOUT_RETURN_TYPE = YES_ERROR;
				GCC_WARN_UNDECLARED_SELECTOR = YES;
				GCC_WARN_UNINITIALIZED_AUTOS = YES_AGGRESSIVE;
				GCC_WARN_UNUSED_FUNCTION = YES;
				GCC_WARN_UNUSED_VARIABLE = YES;
				IPHONEOS_DEPLOYMENT_TARGET = 12.2;
				MTL_ENABLE_DEBUG_INFO = INCLUDE_SOURCE;
				MTL_FAST_MATH = YES;
				ONLY_ACTIVE_ARCH = YES;
				SDKROOT = iphoneos;
				SWIFT_ACTIVE_COMPILATION_CONDITIONS = DEBUG;
				SWIFT_OPTIMIZATION_LEVEL = "-Onone";
			};
			name = Debug;
		};
		9464B46223235A20002BEBC9 /* Release */ = {
			isa = XCBuildConfiguration;
			baseConfigurationReference = 9464B46D23235B1E002BEBC9 /* Release.xcconfig */;
			buildSettings = {
				ALWAYS_SEARCH_USER_PATHS = NO;
				CLANG_ANALYZER_NONNULL = YES;
				CLANG_ANALYZER_NUMBER_OBJECT_CONVERSION = YES_AGGRESSIVE;
				CLANG_CXX_LANGUAGE_STANDARD = "gnu++14";
				CLANG_CXX_LIBRARY = "libc++";
				CLANG_ENABLE_MODULES = YES;
				CLANG_ENABLE_OBJC_ARC = YES;
				CLANG_ENABLE_OBJC_WEAK = YES;
				CLANG_WARN_BLOCK_CAPTURE_AUTORELEASING = YES;
				CLANG_WARN_BOOL_CONVERSION = YES;
				CLANG_WARN_COMMA = YES;
				CLANG_WARN_CONSTANT_CONVERSION = YES;
				CLANG_WARN_DEPRECATED_OBJC_IMPLEMENTATIONS = YES;
				CLANG_WARN_DIRECT_OBJC_ISA_USAGE = YES_ERROR;
				CLANG_WARN_DOCUMENTATION_COMMENTS = YES;
				CLANG_WARN_EMPTY_BODY = YES;
				CLANG_WARN_ENUM_CONVERSION = YES;
				CLANG_WARN_INFINITE_RECURSION = YES;
				CLANG_WARN_INT_CONVERSION = YES;
				CLANG_WARN_NON_LITERAL_NULL_CONVERSION = YES;
				CLANG_WARN_OBJC_IMPLICIT_RETAIN_SELF = YES;
				CLANG_WARN_OBJC_LITERAL_CONVERSION = YES;
				CLANG_WARN_OBJC_ROOT_CLASS = YES_ERROR;
				CLANG_WARN_RANGE_LOOP_ANALYSIS = YES;
				CLANG_WARN_STRICT_PROTOTYPES = YES;
				CLANG_WARN_SUSPICIOUS_MOVE = YES;
				CLANG_WARN_UNGUARDED_AVAILABILITY = YES_AGGRESSIVE;
				CLANG_WARN_UNREACHABLE_CODE = YES;
				CLANG_WARN__DUPLICATE_METHOD_MATCH = YES;
				CODE_SIGN_IDENTITY = "iPhone Developer";
				COPY_PHASE_STRIP = NO;
				DEBUG_INFORMATION_FORMAT = "dwarf-with-dsym";
				ENABLE_NS_ASSERTIONS = NO;
				ENABLE_STRICT_OBJC_MSGSEND = YES;
				GCC_C_LANGUAGE_STANDARD = gnu11;
				GCC_NO_COMMON_BLOCKS = YES;
				GCC_WARN_64_TO_32_BIT_CONVERSION = YES;
				GCC_WARN_ABOUT_RETURN_TYPE = YES_ERROR;
				GCC_WARN_UNDECLARED_SELECTOR = YES;
				GCC_WARN_UNINITIALIZED_AUTOS = YES_AGGRESSIVE;
				GCC_WARN_UNUSED_FUNCTION = YES;
				GCC_WARN_UNUSED_VARIABLE = YES;
				IPHONEOS_DEPLOYMENT_TARGET = 12.2;
				MTL_ENABLE_DEBUG_INFO = NO;
				MTL_FAST_MATH = YES;
				SDKROOT = iphoneos;
				SWIFT_COMPILATION_MODE = wholemodule;
				SWIFT_OPTIMIZATION_LEVEL = "-O";
				VALIDATE_PRODUCT = YES;
			};
			name = Release;
		};
		9464B46423235A20002BEBC9 /* Debug */ = {
			isa = XCBuildConfiguration;
			baseConfigurationReference = 9464B46C23235B12002BEBC9 /* Development.xcconfig */;
			buildSettings = {
				ASSETCATALOG_COMPILER_APPICON_NAME = AppIcon;
				CODE_SIGN_STYLE = Automatic;
				INFOPLIST_FILE = MultiEnviromentHandling/Development.plist;
				LD_RUNPATH_SEARCH_PATHS = (
					"$(inherited)",
					"@executable_path/Frameworks",
				);
				PRODUCT_BUNDLE_IDENTIFIER = "Nitin-Bhatia.MultiEnviromentHandling";
				PRODUCT_NAME = "$(TARGET_NAME)";
				SWIFT_VERSION = 5.0;
				TARGETED_DEVICE_FAMILY = "1,2";
			};
			name = Debug;
		};
		9464B46523235A20002BEBC9 /* Release */ = {
			isa = XCBuildConfiguration;
			baseConfigurationReference = 9464B46D23235B1E002BEBC9 /* Release.xcconfig */;
			buildSettings = {
				ASSETCATALOG_COMPILER_APPICON_NAME = "AppIcon-1";
				CODE_SIGN_STYLE = Automatic;
				INFOPLIST_FILE = MultiEnviromentHandling/Release.plist;
				LD_RUNPATH_SEARCH_PATHS = (
					"$(inherited)",
					"@executable_path/Frameworks",
				);
				PRODUCT_BUNDLE_IDENTIFIER = "Nitin-Bhatia.MultiEnviromentHandling";
				PRODUCT_NAME = "$(TARGET_NAME)";
				SWIFT_VERSION = 5.0;
				TARGETED_DEVICE_FAMILY = "1,2";
			};
			name = Release;
		};
		9464B46623235AA1002BEBC9 /* Staging */ = {
			isa = XCBuildConfiguration;
			baseConfigurationReference = 9464B46E23235B2A002BEBC9 /* Staging.xcconfig */;
			buildSettings = {
				ALWAYS_SEARCH_USER_PATHS = NO;
				CLANG_ANALYZER_NONNULL = YES;
				CLANG_ANALYZER_NUMBER_OBJECT_CONVERSION = YES_AGGRESSIVE;
				CLANG_CXX_LANGUAGE_STANDARD = "gnu++14";
				CLANG_CXX_LIBRARY = "libc++";
				CLANG_ENABLE_MODULES = YES;
				CLANG_ENABLE_OBJC_ARC = YES;
				CLANG_ENABLE_OBJC_WEAK = YES;
				CLANG_WARN_BLOCK_CAPTURE_AUTORELEASING = YES;
				CLANG_WARN_BOOL_CONVERSION = YES;
				CLANG_WARN_COMMA = YES;
				CLANG_WARN_CONSTANT_CONVERSION = YES;
				CLANG_WARN_DEPRECATED_OBJC_IMPLEMENTATIONS = YES;
				CLANG_WARN_DIRECT_OBJC_ISA_USAGE = YES_ERROR;
				CLANG_WARN_DOCUMENTATION_COMMENTS = YES;
				CLANG_WARN_EMPTY_BODY = YES;
				CLANG_WARN_ENUM_CONVERSION = YES;
				CLANG_WARN_INFINITE_RECURSION = YES;
				CLANG_WARN_INT_CONVERSION = YES;
				CLANG_WARN_NON_LITERAL_NULL_CONVERSION = YES;
				CLANG_WARN_OBJC_IMPLICIT_RETAIN_SELF = YES;
				CLANG_WARN_OBJC_LITERAL_CONVERSION = YES;
				CLANG_WARN_OBJC_ROOT_CLASS = YES_ERROR;
				CLANG_WARN_RANGE_LOOP_ANALYSIS = YES;
				CLANG_WARN_STRICT_PROTOTYPES = YES;
				CLANG_WARN_SUSPICIOUS_MOVE = YES;
				CLANG_WARN_UNGUARDED_AVAILABILITY = YES_AGGRESSIVE;
				CLANG_WARN_UNREACHABLE_CODE = YES;
				CLANG_WARN__DUPLICATE_METHOD_MATCH = YES;
				CODE_SIGN_IDENTITY = "iPhone Developer";
				COPY_PHASE_STRIP = NO;
				DEBUG_INFORMATION_FORMAT = dwarf;
				ENABLE_STRICT_OBJC_MSGSEND = YES;
				ENABLE_TESTABILITY = YES;
				GCC_C_LANGUAGE_STANDARD = gnu11;
				GCC_DYNAMIC_NO_PIC = NO;
				GCC_NO_COMMON_BLOCKS = YES;
				GCC_OPTIMIZATION_LEVEL = 0;
				GCC_PREPROCESSOR_DEFINITIONS = (
					"DEBUG=1",
					"$(inherited)",
				);
				GCC_WARN_64_TO_32_BIT_CONVERSION = YES;
				GCC_WARN_ABOUT_RETURN_TYPE = YES_ERROR;
				GCC_WARN_UNDECLARED_SELECTOR = YES;
				GCC_WARN_UNINITIALIZED_AUTOS = YES_AGGRESSIVE;
				GCC_WARN_UNUSED_FUNCTION = YES;
				GCC_WARN_UNUSED_VARIABLE = YES;
				IPHONEOS_DEPLOYMENT_TARGET = 12.2;
				MTL_ENABLE_DEBUG_INFO = INCLUDE_SOURCE;
				MTL_FAST_MATH = YES;
				ONLY_ACTIVE_ARCH = YES;
				SDKROOT = iphoneos;
				SWIFT_ACTIVE_COMPILATION_CONDITIONS = DEBUG;
				SWIFT_OPTIMIZATION_LEVEL = "-Onone";
			};
			name = Staging;
		};
		9464B46723235AA1002BEBC9 /* Staging */ = {
			isa = XCBuildConfiguration;
			baseConfigurationReference = 9464B46E23235B2A002BEBC9 /* Staging.xcconfig */;
			buildSettings = {
				ASSETCATALOG_COMPILER_APPICON_NAME = "AppIcon-2";
				CODE_SIGN_STYLE = Automatic;
				INFOPLIST_FILE = MultiEnviromentHandling/Staging.plist;
				LD_RUNPATH_SEARCH_PATHS = (
					"$(inherited)",
					"@executable_path/Frameworks",
				);
				PRODUCT_BUNDLE_IDENTIFIER = "Nitin-Bhatia.MultiEnviromentHandling";
				PRODUCT_NAME = "$(TARGET_NAME)";
				SWIFT_VERSION = 5.0;
				TARGETED_DEVICE_FAMILY = "1,2";
			};
			name = Staging;
		};
/* End XCBuildConfiguration section */

/* Begin XCConfigurationList section */
		9464B44C23235A1E002BEBC9 /* Build configuration list for PBXProject "MultiEnviromentHandling" */ = {
			isa = XCConfigurationList;
			buildConfigurations = (
				9464B46123235A20002BEBC9 /* Debug */,
				9464B46623235AA1002BEBC9 /* Staging */,
				9464B46223235A20002BEBC9 /* Release */,
			);
			defaultConfigurationIsVisible = 0;
			defaultConfigurationName = Release;
		};
		9464B46323235A20002BEBC9 /* Build configuration list for PBXNativeTarget "MultiEnviromentHandling" */ = {
			isa = XCConfigurationList;
			buildConfigurations = (
				9464B46423235A20002BEBC9 /* Debug */,
				9464B46723235AA1002BEBC9 /* Staging */,
				9464B46523235A20002BEBC9 /* Release */,
			);
			defaultConfigurationIsVisible = 0;
			defaultConfigurationName = Release;
		};
/* End XCConfigurationList section */
	};
	rootObject = 9464B44923235A1E002BEBC9 /* Project object */;
}
